
Microsoft Visual Studio Solution File, Format Version 12.00
# Visual Studio Version 16
VisualStudioVersion = 16.0.29613.14
MinimumVisualStudioVersion = 10.0.40219.1
Project("{FAE04EC0-301F-11D3-BF4B-00C04F79EFBC}") = "RealizationOfPC", "RealizationOfPC\RealizationOfPC.csproj", "{2FE6DC17-53D2-4F20-A32F-572D2322E29D}"
EndProject
Global
	GlobalSection(SolutionConfigurationPlatforms) = preSolution
		Debug|Any CPU = Debug|Any CPU
		Release|Any CPU = Release|Any CPU
	EndGlobalSection
	GlobalSection(ProjectConfigurationPlatforms) = postSolution
		{2FE6DC17-53D2-4F20-A32F-572D2322E29D}.Debug|Any CPU.ActiveCfg = Debug|Any CPU
		{2FE6DC17-53D2-4F20-A32F-572D2322E29D}.Debug|Any CPU.Build.0 = Debug|Any CPU
		{2FE6DC17-53D2-4F20-A32F-572D2322E29D}.Release|Any CPU.ActiveCfg = Release|Any CPU
		{2FE6DC17-53D2-4F20-A32F-572D2322E29D}.Release|Any CPU.Build.0 = Release|Any CPU
	EndGlobalSection
	GlobalSection(SolutionProperties) = preSolution
		HideSolutionNode = FALSE
	EndGlobalSection
	GlobalSection(ExtensibilityGlobals) = postSolution
		SolutionGuid = {6AB01E69-E017-4E43-ADB6-C2A08C3E9036}
	EndGlobalSection
EndGlobal
